
Microsoft Visual Studio Solution File, Format Version 12.00
# Visual Studio Version 17
VisualStudioVersion = 17.7.34031.279
MinimumVisualStudioVersion = 10.0.40219.1
Project("{9A19103F-16F7-4668-BE54-9A1E7A4F7556}") = "Hangman", "Hangman.csproj", "{72DD5557-F455-4478-A85C-7C3C9D2623E8}"
EndProject
Project("{9A19103F-16F7-4668-BE54-9A1E7A4F7556}") = "HangmanTesting", "HangmanTesting\HangmanTesting.csproj", "{D1B9720F-7592-4BED-BB17-5932E6360228}"
EndProject
Global
	GlobalSection(SolutionConfigurationPlatforms) = preSolution
		Debug|Any CPU = Debug|Any CPU
		Release|Any CPU = Release|Any CPU
	EndGlobalSection
	GlobalSection(ProjectConfigurationPlatforms) = postSolution
		{72DD5557-F455-4478-A85C-7C3C9D2623E8}.Debug|Any CPU.ActiveCfg = Debug|Any CPU
		{72DD5557-F455-4478-A85C-7C3C9D2623E8}.Debug|Any CPU.Build.0 = Debug|Any CPU
		{72DD5557-F455-4478-A85C-7C3C9D2623E8}.Debug|Any CPU.Deploy.0 = Debug|Any CPU
		{72DD5557-F455-4478-A85C-7C3C9D2623E8}.Release|Any CPU.ActiveCfg = Release|Any CPU
		{72DD5557-F455-4478-A85C-7C3C9D2623E8}.Release|Any CPU.Build.0 = Release|Any CPU
		{72DD5557-F455-4478-A85C-7C3C9D2623E8}.Release|Any CPU.Deploy.0 = Release|Any CPU
		{D1B9720F-7592-4BED-BB17-5932E6360228}.Debug|Any CPU.ActiveCfg = Debug|Any CPU
		{D1B9720F-7592-4BED-BB17-5932E6360228}.Debug|Any CPU.Build.0 = Debug|Any CPU
		{D1B9720F-7592-4BED-BB17-5932E6360228}.Release|Any CPU.ActiveCfg = Release|Any CPU
		{D1B9720F-7592-4BED-BB17-5932E6360228}.Release|Any CPU.Build.0 = Release|Any CPU
	EndGlobalSection
	GlobalSection(SolutionProperties) = preSolution
		HideSolutionNode = FALSE
	EndGlobalSection
	GlobalSection(ExtensibilityGlobals) = postSolution
		SolutionGuid = {109E497C-2DF1-471C-9DC5-1C4519112C75}
	EndGlobalSection
EndGlobal
